# This file is autogenerated, do not edit; changes may be undone by the next 'dep ensure'.


[[projects]]
  digest = "1:aba270497eb2d49f5cba6f4162d524b9a1195a24cbce8be20bf56a0051f47deb"
  name = "github.com/blang/semver"
  packages = ["."]
  pruneopts = "NUT"
  revision = "2ee87856327ba09384cabd113bc6b5d174e9ec0f"
  version = "v3.5.1"

[[projects]]
  branch = "master"
  digest = "1:b231af2081fbc401a79fa354f41812d4e975f78dab6c9603a2fa5e1c76456e57"
  name = "github.com/containerd/cgroups"
  packages = ["."]
  pruneopts = "NUT"
  revision = "39b18af02c4120960f517a3a4c2588fabb61d02c"

[[projects]]
  digest = "1:fe3f893dc4d7c53ee3bf3be59921ce540600dde90818c143f1b9a89f8667a547"
  name = "github.com/containernetworking/cni"
  packages = [
    "libcni",
    "pkg/invoke",
    "pkg/types",
    "pkg/types/020",
    "pkg/types/current",
    "pkg/version",
  ]
  pruneopts = "NUT"
  revision = "a7885cb6f8ab03fba07852ded351e4f5e7a112bf"
  version = "v0.6.0"

[[projects]]
  digest = "1:44b861902edb3e917721c4b567ba3ac592f1e135b2271f1d526cb0c32d7aa736"
  name = "github.com/containernetworking/plugins"
  packages = [
    "pkg/ip",
    "pkg/ns",
    "pkg/utils/hwaddr",
    "plugins/ipam/host-local/backend",
    "plugins/ipam/host-local/backend/allocator",
  ]
  pruneopts = "NUT"
  revision = "9ebe139e77e82afb122e335328007bca86905ae4"
  version = "v0.7.4"

[[projects]]
  digest = "1:9ed6c89d04501a4b720cb3ea9a4fa958e221c0e9fcc50b1353c495041d0e0e83"
  name = "github.com/containers/storage"
  packages = ["pkg/stringutils"]
  pruneopts = "NUT"
  revision = "bf48aa83089daf297412ed006190322a04956679"
  version = "v1.2"

[[projects]]
  digest = "1:536efb6849eb903912acbec0183e1b34e31cc75217b44988aedde59ad249c693"
  name = "github.com/coreos/go-iptables"
  packages = ["iptables"]
  pruneopts = "NUT"
  revision = "47f22b0dd3355c0ba570ba12b0b8a36bf214c04b"
  version = "v0.4.0"

[[projects]]
  digest = "1:6f614c5193761d29b3184a170380672cafd025306261ce7810e2dd99907184c4"
  name = "github.com/coreos/go-systemd"
  packages = ["dbus"]
  pruneopts = "NUT"
  revision = "9002847aa1425fb6ac49077c0a630b3b67e0fbfd"
  version = "v18"

[[projects]]
  digest = "1:ffe9824d294da03b391f44e1ae8281281b4afc1bdaa9588c9097785e3af10cec"
  name = "github.com/davecgh/go-spew"
  packages = ["spew"]
  pruneopts = "NUT"
  revision = "8991bc29aa16c548c550c7ff78260e27b9ab7c73"
  version = "v1.1.1"

[[projects]]
  digest = "1:4340101f42556a9cb2f7a360a0e95a019bfef6247d92e6c4c46f2433cf86a482"
  name = "github.com/docker/go-units"
  packages = ["."]
  pruneopts = "NUT"
  revision = "47565b4f722fb6ceae66b95f853feed578a4a51c"
  version = "v0.3.3"

[[projects]]
  branch = "master"
  digest = "1:eb8f1b1913bffd6e788deee9fe4ba3a4d83267aff6045d3be33105e35ece290b"
  name = "github.com/docker/spdystream"
  packages = [
    ".",
    "spdy",
  ]
  pruneopts = "NUT"
  revision = "6480d4af844c189cf5dd913db24ddd339d3a4f85"

[[projects]]
  digest = "1:3537d33c077a9666720dc987fddfecb07270606ac0a58f67abd08e3b252c0a45"
  name = "github.com/emicklei/go-restful"
  packages = [
    ".",
    "log",
  ]
  pruneopts = "NUT"
  revision = "3eb9738c1697594ea6e71a7156a9bb32ed216cf0"
  version = "v2.8.0"

[[projects]]
  digest = "1:81466b4218bf6adddac2572a30ac733a9255919bc2f470b4827a317bd4ee1756"
  name = "github.com/ghodss/yaml"
  packages = ["."]
  pruneopts = "NUT"
  revision = "0ca9ea5df5451ffdf184b4428c902747c2c11cd7"
  version = "v1.0.0"

[[projects]]
  branch = "master"
  digest = "1:ce0cdcf4a121add67d3c6f7cc08e6233275d0f417852f025b790d35da88fab10"
  name = "github.com/globalsign/mgo"
  packages = [
    "bson",
    "internal/json",
  ]
  pruneopts = "NUT"
  revision = "eeefdecb41b842af6dc652aaea4026e8403e62df"

[[projects]]
  digest = "1:c5b146bc5eeb6365d778cf9e910b29241788d8893028e81edc564837be3cadae"
  name = "github.com/godbus/dbus"
  packages = ["."]
  pruneopts = "NUT"
  revision = "66d97aec3384421e393c2a76b770a1b5c31d07a8"
  version = "v5.0"

[[projects]]
  digest = "1:cd4f86461732066e277335465962660cbf02999e18d5bbb5e9285eac4608b970"
  name = "github.com/gogo/protobuf"
  packages = [
    "gogoproto",
    "proto",
    "protoc-gen-gogo/descriptor",
    "sortkeys",
  ]
  pruneopts = "NUT"
  revision = "636bf0302bc95575d69441b25a2603156ffdddf1"
  version = "v1.1.1"

[[projects]]
  branch = "master"
  digest = "1:e2b86e41f3d669fc36b50d31d32d22c8ac656c75aa5ea89717ce7177e134ff2a"
  name = "github.com/golang/glog"
  packages = ["."]
  pruneopts = "NUT"
  revision = "23def4e6c14b4da8ac2ed8007337bc5eb5007998"

[[projects]]
  digest = "1:63ccdfbd20f7ccd2399d0647a7d100b122f79c13bb83da9660b1598396fd9f62"
  name = "github.com/golang/protobuf"
  packages = [
    "proto",
    "ptypes",
    "ptypes/any",
    "ptypes/duration",
    "ptypes/timestamp",
  ]
  pruneopts = "NUT"
  revision = "aa810b61a9c79d51363740d207bb46cf8e620ed5"
  version = "v1.2.0"

[[projects]]
  branch = "master"
  digest = "1:52c5834e2bebac9030c97cc0798ac11c3aa8a39f098aeb419f142533da6cd3cc"
  name = "github.com/google/gofuzz"
  packages = ["."]
  pruneopts = "NUT"
  revision = "24818f796faf91cd76ec7bddd72458fbced7a6c1"

[[projects]]
  digest = "1:f0d9d74edbd40fdeada436d5ac9cb5197407899af3fef85ff0137077ffe8ae19"
  name = "github.com/hashicorp/errwrap"
  packages = ["."]
  pruneopts = "NUT"
  revision = "8a6fb523712970c966eefc6b39ed2c5e74880354"
  version = "v1.0.0"

[[projects]]
  digest = "1:2ed138049ab373f696db2081ca48f15c5abdf20893803612a284f2bdce2bf443"
  name = "github.com/hashicorp/go-multierror"
  packages = ["."]
  pruneopts = "NUT"
  revision = "886a7fbe3eb1c874d46f623bfa70af45f425b3d1"
  version = "v1.0.0"

[[projects]]
  digest = "1:8e36686e8b139f8fe240c1d5cf3a145bc675c22ff8e707857cdd3ae17b00d728"
  name = "github.com/json-iterator/go"
  packages = ["."]
  pruneopts = "NUT"
  revision = "1624edc4454b8682399def8740d46db5e4362ba4"
  version = "v1.1.5"

[[projects]]
  digest = "1:4059c14e87a2de3a434430340521b5feece186c1469eff0834c29a63870de3ed"
  name = "github.com/konsorten/go-windows-terminal-sequences"
  packages = ["."]
  pruneopts = "NUT"
  revision = "5c8c8bd35d3832f5d134ae1e1e375b69a4d25242"
  version = "v1.0.1"

[[projects]]
  digest = "1:15416fd2b58d5b2dfa0bc99185cdff3a8f49e73e022291891cb8d5d820d9760d"
  name = "github.com/kr/pty"
  packages = ["."]
  pruneopts = "NUT"
  revision = "db8e3cd836b82e82e0a9c8edc6896967dd31374f"
  version = "v1.1.3"

[[projects]]
  digest = "1:73fb694b48f7fba82250f2b36edfe390fdd5397edccbae5f0536c65386314b48"
  name = "github.com/kubernetes-sigs/cri-o"
  packages = [
    "pkg/seccomp",
    "utils",
  ]
  pruneopts = "NUT"
  revision = "c1db736895aaeb57b2d6f331e2fc8cec2d54078c"
  version = "v1.12.3"

[[projects]]
  digest = "1:bff482b22ebed387378546ba6a7850fdef87fd47f8ee58a7c62124a8e889a56b"
  name = "github.com/mattn/go-runewidth"
  packages = ["."]
  pruneopts = "NUT"
  revision = "ce7b0b5c7b45a81508558cd1dba6bb1e4ddb51bb"
  version = "v0.0.3"

[[projects]]
  digest = "1:2f42fa12d6911c7b7659738758631bec870b7e9b4c6be5444f963cdcfccc191f"
  name = "github.com/modern-go/concurrent"
  packages = ["."]
  pruneopts = "NUT"
  revision = "bacd9c7ef1dd9b15be4a9909b8ac7a4e313eec94"
  version = "1.0.3"

[[projects]]
  digest = "1:c6aca19413b13dc59c220ad7430329e2ec454cc310bc6d8de2c7e2b93c18a0f6"
  name = "github.com/modern-go/reflect2"
  packages = ["."]
  pruneopts = "NUT"
  revision = "4b7aa43c6742a2c18fdef89dd197aaae7dac7ccd"
  version = "1.0.1"

[[projects]]
  digest = "1:6677d48b94a68d0e2b9c2231c40f038a847cdf4b26a8eea65357cd70a58ef957"
  name = "github.com/opencontainers/runc"
  packages = ["libcontainer/user"]
  pruneopts = "NUT"
  revision = "ccb5efd37fb7c86364786e9137e22948751de7ed"
  version = "v1.0.0-rc6"

[[projects]]
  branch = "master"
  digest = "1:0d447d4961f4f9270457fbc20d0261bba8d3056f395efd2e2480e2dfa4487a60"
  name = "github.com/opencontainers/runtime-spec"
  packages = ["specs-go"]
  pruneopts = "NUT"
  revision = "5806c35637336642129d03657419829569abc5aa"

[[projects]]
  digest = "1:8e29919b351fc84fd71a1c8c6952db264490d270db419138f4534bc4bb09e9fc"
  name = "github.com/opencontainers/runtime-tools"
  packages = [
    "error",
    "filepath",
    "generate",
    "generate/seccomp",
    "specerror",
    "validate",
  ]
  pruneopts = "NUT"
  revision = "a4a33d4d2f6933bb8add5e1a6bf8f9374f09555b"
  version = "v0.8.0"

[[projects]]
  digest = "1:5c65c485fa22fdfd6937db07aaf879904a4745770ee416d8d1f2a1434dc2d8ce"
  name = "github.com/opencontainers/selinux"
  packages = [
    "go-selinux",
    "go-selinux/label",
  ]
  pruneopts = "NUT"
  revision = "ba1aefe8057f1d0cfb8e88d0ec1dc85925ef987d"
  version = "v1.0.0-rc1"

[[projects]]
  digest = "1:5cf3f025cbee5951a4ee961de067c8a89fc95a5adabead774f82822efabab121"
  name = "github.com/pkg/errors"
  packages = ["."]
  pruneopts = "NUT"
  revision = "645ef00459ed84a119197bfb8d8205042c6df63d"
  version = "v0.8.0"

[[projects]]
  digest = "1:0028cb19b2e4c3112225cd871870f2d9cf49b9b4276531f03438a88e94be86fe"
  name = "github.com/pmezard/go-difflib"
  packages = ["difflib"]
  pruneopts = "NUT"
  revision = "792786c7400a136282c1664665ae0a8db921c6c2"
  version = "v1.0.0"

[[projects]]
  digest = "1:6bc0652ea6e39e22ccd522458b8bdd8665bf23bdc5a20eec90056e4dc7e273ca"
  name = "github.com/satori/go.uuid"
  packages = ["."]
  pruneopts = "NUT"
  revision = "f58768cc1a7a7e77a3bd49e98cdd21419399b6a3"
  version = "v1.2.0"

[[projects]]
  digest = "1:15427a47e05c87ec16a93f6dc53d8ce52043215ce3ebb4f4f0de1d774120644f"
  name = "github.com/seccomp/libseccomp-golang"
  packages = ["."]
  pruneopts = "NUT"
  revision = "e3496e3a417d1dc9ecdceca5af2513271fed37a0"
  version = "v0.9.0"

[[projects]]
  digest = "1:d848e2bdc690ea54c4b49894b67a05db318a97ee6561879b814c2c1f82f61406"
  name = "github.com/sirupsen/logrus"
  packages = ["."]
  pruneopts = "NUT"
  revision = "bcd833dfe83d3cebad139e4a29ed79cb2318bf95"
  version = "v1.2.0"

[[projects]]
  digest = "1:9d8420bbf131d1618bde6530af37c3799340d3762cc47210c1d9532a4c3a2779"
  name = "github.com/spf13/pflag"
  packages = ["."]
  pruneopts = "NUT"
  revision = "298182f68c66c05229eb03ac171abe6e309ee79a"
  version = "v1.0.3"

[[projects]]
  digest = "1:0331452965d8695c0a5633e0f509012987681a654f388f2ad0c3b2d7f7004b1c"
  name = "github.com/stretchr/testify"
  packages = [
    "assert",
    "require",
  ]
  pruneopts = "NUT"
  revision = "f35b8ab0b5a2cef36673838d662e249dd9c94686"
  version = "v1.2.2"

[[projects]]
  digest = "1:89016522d62b3fe281177a0aaccf6f136aac0b053e36e908d542974ea91db675"
  name = "github.com/sylabs/sif"
  packages = ["pkg/sif"]
  pruneopts = "NUT"
  revision = "39d9b2aa8931c90c87fa13c28677f2296e9ad91f"
  version = "v1.0.2"

[[projects]]
  digest = "1:4a627cbe691b30d41bedd3af1eb62ca5de494af36df1fd87b72ffb6f69199f78"
  name = "github.com/sylabs/singularity"
  packages = [
    "internal/pkg/sylog",
    "internal/pkg/util/env",
    "internal/pkg/util/user",
    "pkg/client/library",
    "pkg/network",
    "pkg/ocibundle",
    "pkg/ocibundle/sif",
    "pkg/ocibundle/tools",
    "pkg/ociruntime",
    "pkg/signing",
    "pkg/sypgp",
    "pkg/util/capabilities",
    "pkg/util/fs/lock",
    "pkg/util/fs/proc",
    "pkg/util/loop",
    "pkg/util/unix",
    "pkg/util/user-agent",
  ]
  pruneopts = "NUT"
  revision = "86676d1896f2ec34141c7d3a782782b7b915ccee"
  source = "github.com/sashayakovtseva/singularity"

[[projects]]
  branch = "master"
  digest = "1:e14e467ed00ab98665623c5060fa17e3d7079be560ffc33cabafd05d35894f05"
  name = "github.com/syndtr/gocapability"
  packages = ["capability"]
  pruneopts = "NUT"
  revision = "d98352740cb2c55f81556b63d4a1ec64c5a319c2"

[[projects]]
  digest = "1:d9eb1d964a449cf51455fdac2ec3451c664af8e8b93c23d9c31d22b84ea82fde"
  name = "github.com/tchap/go-patricia"
  packages = ["patricia"]
  pruneopts = "NUT"
  revision = "666120de432aea38ab06bd5c818f04f4129882c9"
  version = "v2.2.6"

[[projects]]
  digest = "1:936ab0fd3f16edc83131e626594a4f4e75426e5adeb7adbe57ed203db4c1b950"
  name = "github.com/vishvananda/netlink"
  packages = [
    ".",
    "nl",
  ]
  pruneopts = "NUT"
  revision = "a2ad57a690f3caf3015351d2d6e1c0b95c349752"
  version = "v1.0.0"

[[projects]]
  branch = "master"
  digest = "1:2a1bbe57bb2602803e0f142d88453b0d9fec89e496aaa2cd8807bcae2e05a4a7"
  name = "github.com/vishvananda/netns"
  packages = ["."]
  pruneopts = "NUT"
  revision = "13995c7128ccc8e51e9a6bd2b551020a27180abd"

[[projects]]
  branch = "master"
  digest = "1:f15121220068fb01e71ad08b0fdbd1bfaa926be774e7634e8e332c82134079b0"
  name = "github.com/xeipuuv/gojsonpointer"
  packages = ["."]
  pruneopts = "NUT"
  revision = "4e3ac2762d5f479393488629ee9370b50873b3a6"

[[projects]]
  branch = "master"
  digest = "1:131db546a264d76defd7a4ce233796316b2ab856991cb4b7d6ced2a3c7294ad3"
  name = "github.com/xeipuuv/gojsonreference"
  packages = ["."]
  pruneopts = "NUT"
  revision = "bd5ef7bd5415a7ac448318e64f11a24cd21e594b"

[[projects]]
  digest = "1:55d89c767205cf255907b632bfb0fa5795bc8b1682d1acd31e138af6c4f6e176"
  name = "github.com/xeipuuv/gojsonschema"
  packages = ["."]
  pruneopts = "NUT"
  revision = "da425ebb7609ba06a0f395fc8a254d1c303364a0"
  version = "v1.0"

[[projects]]
  branch = "master"
  digest = "1:38a6ed00cbcb6b2a674637db12af42a3d47e5577f0a6ec1a5a469b511da43b54"
  name = "golang.org/x/crypto"
  packages = [
    "cast5",
    "openpgp",
    "openpgp/armor",
    "openpgp/clearsign",
    "openpgp/elgamal",
    "openpgp/errors",
    "openpgp/packet",
    "openpgp/s2k",
    "ssh/terminal",
  ]
  pruneopts = "NUT"
  revision = "4bce89e8e9a9f84a4cf02b9842c3eaff2af0a856"
  source = "github.com/sylabs/golang-x-crypto"

[[projects]]
  branch = "master"
  digest = "1:f1b80a34cd086bceb3914b0d541187ee6a144ee4a469a809014324dd7a3c8412"
  name = "golang.org/x/net"
  packages = [
    "context",
    "http/httpguts",
    "http2",
    "http2/hpack",
    "idna",
    "internal/timeseries",
    "trace",
    "websocket",
  ]
  pruneopts = "NUT"
  revision = "adae6a3d119ae4890b46832a2e88a95adc62b8e7"

[[projects]]
  branch = "master"
  digest = "1:710483a12b766fb0e99ab26cbf6f82df2d958e94cb28890fcb2db96f76d39762"
  name = "golang.org/x/sys"
  packages = [
    "unix",
    "windows",
  ]
  pruneopts = "NUT"
  revision = "62eef0e2fa9b2c385f7b2778e763486da6880d37"

[[projects]]
  digest = "1:e7071ed636b5422cc51c0e3a6cebc229d6c9fffc528814b519a980641422d619"
  name = "golang.org/x/text"
  packages = [
    "collate",
    "collate/build",
    "internal/colltab",
    "internal/gen",
    "internal/tag",
    "internal/triegen",
    "internal/ucd",
    "language",
    "secure/bidirule",
    "transform",
    "unicode/bidi",
    "unicode/cldr",
    "unicode/norm",
    "unicode/rangetable",
  ]
  pruneopts = "NUT"
  revision = "f21a4dfb5e38f5895301dc265a8def02365cc3d0"
  version = "v0.3.0"

[[projects]]
  branch = "master"
  digest = "1:9fdc2b55e8e0fafe4b41884091e51e77344f7dc511c5acedcfd98200003bff90"
  name = "golang.org/x/time"
  packages = ["rate"]
  pruneopts = "NUT"
  revision = "85acf8d2951cb2a3bde7632f9ff273ef0379bcbd"

[[projects]]
  branch = "master"
  digest = "1:56b0bca90b7e5d1facf5fbdacba23e4e0ce069d25381b8e2f70ef1e7ebfb9c1a"
  name = "google.golang.org/genproto"
  packages = ["googleapis/rpc/status"]
  pruneopts = "NUT"
  revision = "b5d43981345bdb2c233eb4bf3277847b48c6fdc6"

[[projects]]
  digest = "1:2f91d3e11b666570f8c923912f1cc8cf2f0c6b7371b2687ee67a8f73f08c6272"
  name = "google.golang.org/grpc"
  packages = [
    ".",
    "balancer",
    "balancer/base",
    "balancer/roundrobin",
    "codes",
    "connectivity",
    "credentials",
    "encoding",
    "encoding/proto",
    "grpclog",
    "internal",
    "internal/backoff",
    "internal/channelz",
    "internal/envconfig",
    "internal/grpcrand",
    "internal/transport",
    "keepalive",
    "metadata",
    "naming",
    "peer",
    "resolver",
    "resolver/dns",
    "resolver/passthrough",
    "stats",
    "status",
    "tap",
  ]
  pruneopts = "NUT"
  revision = "2e463a05d100327ca47ac218281906921038fd95"
  version = "v1.16.0"

[[projects]]
  digest = "1:4fd1f40eda0f84905370fd2bcd92c7f169c2d2936ed9bcf75206e6884153593f"
  name = "gopkg.in/cheggaaa/pb.v1"
  packages = ["."]
  pruneopts = "NUT"
  revision = "007b75a044e968336a69a6c0c617251ab62ac14c"
  version = "v1.0.26"

[[projects]]
  digest = "1:2d1fbdc6777e5408cabeb02bf336305e724b925ff4546ded0fa8715a7267922a"
  name = "gopkg.in/inf.v0"
  packages = ["."]
  pruneopts = "NUT"
  revision = "d2d2541c53f18d2a059457998ce2876cc8e67cbf"
  version = "v0.9.1"

[[projects]]
  digest = "1:7c95b35057a0ff2e19f707173cc1a947fa43a6eb5c4d300d196ece0334046082"
  name = "gopkg.in/yaml.v2"
  packages = ["."]
  pruneopts = "NUT"
  revision = "5420a8b6744d3b0345ab293f6fcba19c978f1183"
  version = "v2.2.1"

[[projects]]
  branch = "master"
  digest = "1:3b2bc6d690e6dee185d6e8d66029b6b70482a66ec1d0e9856f541d718d41f4aa"
  name = "k8s.io/api"
  packages = ["core/v1"]
  pruneopts = "NUT"
  revision = "b7bd5f2d334ce968edc54f5fdb2ac67ce39c56d5"

[[projects]]
  branch = "release-1.11"
  digest = "1:7fda1c441dba21e6538963a55da5e8570f9489238391e4aecd8b7de6728de9a9"
  name = "k8s.io/apimachinery"
  packages = [
    "pkg/api/errors",
    "pkg/api/resource",
    "pkg/apis/meta/internalversion",
    "pkg/apis/meta/v1",
    "pkg/apis/meta/v1/unstructured",
    "pkg/apis/meta/v1beta1",
    "pkg/conversion",
    "pkg/conversion/queryparams",
    "pkg/fields",
    "pkg/labels",
    "pkg/runtime",
    "pkg/runtime/schema",
    "pkg/runtime/serializer",
    "pkg/runtime/serializer/json",
    "pkg/runtime/serializer/protobuf",
    "pkg/runtime/serializer/recognizer",
    "pkg/runtime/serializer/streaming",
    "pkg/runtime/serializer/versioning",
    "pkg/selection",
    "pkg/types",
    "pkg/util/clock",
    "pkg/util/errors",
    "pkg/util/framer",
    "pkg/util/httpstream",
    "pkg/util/httpstream/spdy",
    "pkg/util/intstr",
    "pkg/util/json",
    "pkg/util/net",
    "pkg/util/remotecommand",
    "pkg/util/runtime",
    "pkg/util/sets",
    "pkg/util/validation",
    "pkg/util/validation/field",
    "pkg/util/wait",
    "pkg/util/yaml",
    "pkg/version",
    "pkg/watch",
    "third_party/forked/golang/netutil",
    "third_party/forked/golang/reflect",
  ]
  pruneopts = "NUT"
  revision = "70adfbae261eebb795b76321790745ad0e3c523f"

[[projects]]
  branch = "master"
  digest = "1:afa08e879cf78569ef7c56e9091099a62ace591a96b647e32dc3d351306fdddb"
  name = "k8s.io/apiserver"
  packages = [
    "pkg/server/httplog",
    "pkg/util/wsstream",
  ]
  pruneopts = "NUT"
  revision = "e3c8fa95bba5a5ff9939a62c6ccd51ff3646b350"

[[projects]]
  branch = "release-8.0"
  digest = "1:3227db916aa0a5ba7866778229b7415256344d4c5c72c46dc9fb92d5755c429f"
  name = "k8s.io/client-go"
  packages = [
    "pkg/apis/clientauthentication",
    "pkg/apis/clientauthentication/v1alpha1",
    "pkg/apis/clientauthentication/v1beta1",
    "pkg/version",
    "plugin/pkg/client/auth/exec",
    "rest",
    "rest/watch",
    "tools/clientcmd/api",
    "tools/metrics",
    "tools/remotecommand",
    "transport",
    "transport/spdy",
    "util/cert",
    "util/connrotation",
    "util/exec",
    "util/flowcontrol",
    "util/integer",
  ]
  pruneopts = "NUT"
  revision = "56e7a63b5e38b614bb7cb8c49ed26dc991b324c4"

[[projects]]
  digest = "1:9cc257b3c9ff6a0158c9c661ab6eebda1fe8a4a4453cd5c4044dc9a2ebfb992b"
  name = "k8s.io/klog"
  packages = ["."]
  pruneopts = "NUT"
  revision = "a5bc97fbc634d635061f3146511332c7e313a55a"
  version = "v0.1.0"

[[projects]]
  digest = "1:f57c5c02fd3a7ed370f401b1b615a0318ef7953e0285f17a6fc1cecf2aac9c4c"
  name = "k8s.io/kubernetes"
  packages = [
    "pkg/apis/core",
    "pkg/kubectl/util/logs",
    "pkg/kubelet/apis/cri/runtime/v1alpha2",
    "pkg/kubelet/server/portforward",
    "pkg/kubelet/server/remotecommand",
    "pkg/kubelet/server/streaming",
  ]
  pruneopts = "NUT"
  revision = "51dd616cdd25d6ee22c83a858773b607328a18ec"
  version = "v1.12.5"

[[projects]]
  branch = "master"
  digest = "1:381323c2fe2e890a3dd3b5d6dc6f2199068408cca89b24f6b7ca1c60f32644a5"
  name = "k8s.io/utils"
  packages = ["exec"]
  pruneopts = "NUT"
  revision = "0d26856f57b32ec3398579285e5c8a2bfe8c5243"

[solve-meta]
  analyzer-name = "dep"
  analyzer-version = 1
  input-imports = [
    "github.com/containerd/cgroups",
    "github.com/containernetworking/cni/libcni",
    "github.com/golang/glog",
    "github.com/kr/pty",
    "github.com/kubernetes-sigs/cri-o/pkg/seccomp",
    "github.com/kubernetes-sigs/cri-o/utils",
    "github.com/opencontainers/runc/libcontainer/user",
    "github.com/opencontainers/runtime-spec/specs-go",
    "github.com/opencontainers/runtime-tools/generate",
    "github.com/opencontainers/runtime-tools/generate/seccomp",
    "github.com/opencontainers/selinux/go-selinux/label",
    "github.com/stretchr/testify/assert",
    "github.com/stretchr/testify/require",
    "github.com/sylabs/sif/pkg/sif",
    "github.com/sylabs/singularity/pkg/client/library",
    "github.com/sylabs/singularity/pkg/network",
    "github.com/sylabs/singularity/pkg/ocibundle/sif",
    "github.com/sylabs/singularity/pkg/ociruntime",
    "github.com/sylabs/singularity/pkg/signing",
    "github.com/sylabs/singularity/pkg/util/capabilities",
    "github.com/sylabs/singularity/pkg/util/fs/proc",
    "github.com/sylabs/singularity/pkg/util/unix",
    "github.com/sylabs/singularity/pkg/util/user-agent",
    "github.com/tchap/go-patricia/patricia",
    "golang.org/x/sys/unix",
    "google.golang.org/grpc",
    "google.golang.org/grpc/codes",
    "google.golang.org/grpc/status",
    "gopkg.in/yaml.v2",
    "k8s.io/client-go/tools/remotecommand",
    "k8s.io/kubernetes/pkg/kubectl/util/logs",
    "k8s.io/kubernetes/pkg/kubelet/apis/cri/runtime/v1alpha2",
    "k8s.io/kubernetes/pkg/kubelet/server/streaming",
  ]
  solver-name = "gps-cdcl"
  solver-version = 1
